
Microsoft Visual Studio Solution File, Format Version 12.00
# Visual Studio 15
VisualStudioVersion = 15.0.28307.705
MinimumVisualStudioVersion = 10.0.40219.1
Project("{FAE04EC0-301F-11D3-BF4B-00C04F79EFBC}") = "BittrexCoreConsole", "BittrexCoreConsole\BittrexCoreConsole.csproj", "{BCC1D9E2-1C8E-46F1-BB4E-ACE361C79432}"
EndProject
Project("{FAE04EC0-301F-11D3-BF4B-00C04F79EFBC}") = "BittrexCore", "BittrexCore\BittrexCore.csproj", "{96CFD74B-E4B7-4AE5-B6F6-314F0B3783C1}"
EndProject
Project("{FAE04EC0-301F-11D3-BF4B-00C04F79EFBC}") = "RulesLibrary", "RulesLibrary\RulesLibrary.csproj", "{B376A0E8-7B0D-4BA3-98D5-F4DB347FF08B}"
EndProject
Project("{FAE04EC0-301F-11D3-BF4B-00C04F79EFBC}") = "DataManagement", "DataManagement\DataManagement.csproj", "{F48699A7-1DCF-4E46-8E9B-2679754CCDD9}"
EndProject
Global
	GlobalSection(SolutionConfigurationPlatforms) = preSolution
		Debug|Any CPU = Debug|Any CPU
		Release|Any CPU = Release|Any CPU
	EndGlobalSection
	GlobalSection(ProjectConfigurationPlatforms) = postSolution
		{BCC1D9E2-1C8E-46F1-BB4E-ACE361C79432}.Debug|Any CPU.ActiveCfg = Debug|Any CPU
		{BCC1D9E2-1C8E-46F1-BB4E-ACE361C79432}.Debug|Any CPU.Build.0 = Debug|Any CPU
		{BCC1D9E2-1C8E-46F1-BB4E-ACE361C79432}.Release|Any CPU.ActiveCfg = Release|Any CPU
		{BCC1D9E2-1C8E-46F1-BB4E-ACE361C79432}.Release|Any CPU.Build.0 = Release|Any CPU
		{96CFD74B-E4B7-4AE5-B6F6-314F0B3783C1}.Debug|Any CPU.ActiveCfg = Debug|Any CPU
		{96CFD74B-E4B7-4AE5-B6F6-314F0B3783C1}.Debug|Any CPU.Build.0 = Debug|Any CPU
		{96CFD74B-E4B7-4AE5-B6F6-314F0B3783C1}.Release|Any CPU.ActiveCfg = Release|Any CPU
		{96CFD74B-E4B7-4AE5-B6F6-314F0B3783C1}.Release|Any CPU.Build.0 = Release|Any CPU
		{B376A0E8-7B0D-4BA3-98D5-F4DB347FF08B}.Debug|Any CPU.ActiveCfg = Debug|Any CPU
		{B376A0E8-7B0D-4BA3-98D5-F4DB347FF08B}.Debug|Any CPU.Build.0 = Debug|Any CPU
		{B376A0E8-7B0D-4BA3-98D5-F4DB347FF08B}.Release|Any CPU.ActiveCfg = Release|Any CPU
		{B376A0E8-7B0D-4BA3-98D5-F4DB347FF08B}.Release|Any CPU.Build.0 = Release|Any CPU
		{F48699A7-1DCF-4E46-8E9B-2679754CCDD9}.Debug|Any CPU.ActiveCfg = Debug|Any CPU
		{F48699A7-1DCF-4E46-8E9B-2679754CCDD9}.Debug|Any CPU.Build.0 = Debug|Any CPU
		{F48699A7-1DCF-4E46-8E9B-2679754CCDD9}.Release|Any CPU.ActiveCfg = Release|Any CPU
		{F48699A7-1DCF-4E46-8E9B-2679754CCDD9}.Release|Any CPU.Build.0 = Release|Any CPU
	EndGlobalSection
	GlobalSection(SolutionProperties) = preSolution
		HideSolutionNode = FALSE
	EndGlobalSection
	GlobalSection(ExtensibilityGlobals) = postSolution
		SolutionGuid = {A2DF1B57-2508-482E-934A-0CAE450F1B8C}
	EndGlobalSection
EndGlobal
